
Microsoft Visual Studio Solution File, Format Version 12.00
Project("{FAE04EC0-301F-11D3-BF4B-00C04F79EFBC}") = "Warb", "Warb\Warb.csproj", "{3953C870-A391-4E7F-A9C4-0408FC3507F5}"
EndProject
Global
	GlobalSection(SolutionConfigurationPlatforms) = preSolution
		Debug|Any CPU = Debug|Any CPU
		Release|Any CPU = Release|Any CPU
	EndGlobalSection
	GlobalSection(ProjectConfigurationPlatforms) = postSolution
		{3953C870-A391-4E7F-A9C4-0408FC3507F5}.Debug|Any CPU.ActiveCfg = Debug|Any CPU
		{3953C870-A391-4E7F-A9C4-0408FC3507F5}.Debug|Any CPU.Build.0 = Debug|Any CPU
		{3953C870-A391-4E7F-A9C4-0408FC3507F5}.Release|Any CPU.ActiveCfg = Release|Any CPU
		{3953C870-A391-4E7F-A9C4-0408FC3507F5}.Release|Any CPU.Build.0 = Release|Any CPU
	EndGlobalSection
EndGlobal
